
Microsoft Visual Studio Solution File, Format Version 12.00
# Visual Studio Version 16
VisualStudioVersion = 16.0.30204.135
MinimumVisualStudioVersion = 10.0.40219.1
Project("{FAE04EC0-301F-11D3-BF4B-00C04F79EFBC}") = "WebLoja", "WebLoja.csproj", "{D5B59E4A-3952-4B4B-B2BA-CA9AF341CA15}"
EndProject
Global
	GlobalSection(SolutionConfigurationPlatforms) = preSolution
		Debug|Any CPU = Debug|Any CPU
		Release|Any CPU = Release|Any CPU
	EndGlobalSection
	GlobalSection(ProjectConfigurationPlatforms) = postSolution
		{D5B59E4A-3952-4B4B-B2BA-CA9AF341CA15}.Debug|Any CPU.ActiveCfg = Debug|Any CPU
		{D5B59E4A-3952-4B4B-B2BA-CA9AF341CA15}.Debug|Any CPU.Build.0 = Debug|Any CPU
		{D5B59E4A-3952-4B4B-B2BA-CA9AF341CA15}.Release|Any CPU.ActiveCfg = Release|Any CPU
		{D5B59E4A-3952-4B4B-B2BA-CA9AF341CA15}.Release|Any CPU.Build.0 = Release|Any CPU
	EndGlobalSection
	GlobalSection(SolutionProperties) = preSolution
		HideSolutionNode = FALSE
	EndGlobalSection
	GlobalSection(ExtensibilityGlobals) = postSolution
		SolutionGuid = {C194C43B-4779-4B61-B004-C7D0A8291B94}
	EndGlobalSection
EndGlobal
