
Microsoft Visual Studio Solution File, Format Version 12.00
# Visual Studio Version 16
VisualStudioVersion = 16.0.30011.22
MinimumVisualStudioVersion = 10.0.40219.1
Project("{FAE04EC0-301F-11D3-BF4B-00C04F79EFBC}") = "Autorizador", "Autorizador.csproj", "{E2C314DB-4A8A-426E-BB78-DC5D7C3F2DB5}"
EndProject
Project("{FAE04EC0-301F-11D3-BF4B-00C04F79EFBC}") = "DBUtil", "..\DB\DBUtil.csproj", "{75F7CE2A-43A2-4E07-B441-722FD79ACA23}"
EndProject
Project("{FAE04EC0-301F-11D3-BF4B-00C04F79EFBC}") = "DAO", "..\DAO\DAO.csproj", "{F9B5578C-BD94-40A3-BDE9-71074B781C2D}"
EndProject
Project("{FAE04EC0-301F-11D3-BF4B-00C04F79EFBC}") = "Entities", "..\Entities\Entities.csproj", "{9CC78510-1FD9-4B12-9A9E-D067B14ABEDE}"
EndProject
Global
	GlobalSection(SolutionConfigurationPlatforms) = preSolution
		Debug|Any CPU = Debug|Any CPU
		Release|Any CPU = Release|Any CPU
	EndGlobalSection
	GlobalSection(ProjectConfigurationPlatforms) = postSolution
		{E2C314DB-4A8A-426E-BB78-DC5D7C3F2DB5}.Debug|Any CPU.ActiveCfg = Debug|Any CPU
		{E2C314DB-4A8A-426E-BB78-DC5D7C3F2DB5}.Debug|Any CPU.Build.0 = Debug|Any CPU
		{E2C314DB-4A8A-426E-BB78-DC5D7C3F2DB5}.Release|Any CPU.ActiveCfg = Release|Any CPU
		{E2C314DB-4A8A-426E-BB78-DC5D7C3F2DB5}.Release|Any CPU.Build.0 = Release|Any CPU
		{75F7CE2A-43A2-4E07-B441-722FD79ACA23}.Debug|Any CPU.ActiveCfg = Debug|Any CPU
		{75F7CE2A-43A2-4E07-B441-722FD79ACA23}.Debug|Any CPU.Build.0 = Debug|Any CPU
		{75F7CE2A-43A2-4E07-B441-722FD79ACA23}.Release|Any CPU.ActiveCfg = Release|Any CPU
		{75F7CE2A-43A2-4E07-B441-722FD79ACA23}.Release|Any CPU.Build.0 = Release|Any CPU
		{F9B5578C-BD94-40A3-BDE9-71074B781C2D}.Debug|Any CPU.ActiveCfg = Debug|Any CPU
		{F9B5578C-BD94-40A3-BDE9-71074B781C2D}.Debug|Any CPU.Build.0 = Debug|Any CPU
		{F9B5578C-BD94-40A3-BDE9-71074B781C2D}.Release|Any CPU.ActiveCfg = Release|Any CPU
		{F9B5578C-BD94-40A3-BDE9-71074B781C2D}.Release|Any CPU.Build.0 = Release|Any CPU
		{9CC78510-1FD9-4B12-9A9E-D067B14ABEDE}.Debug|Any CPU.ActiveCfg = Debug|Any CPU
		{9CC78510-1FD9-4B12-9A9E-D067B14ABEDE}.Debug|Any CPU.Build.0 = Debug|Any CPU
		{9CC78510-1FD9-4B12-9A9E-D067B14ABEDE}.Release|Any CPU.ActiveCfg = Release|Any CPU
		{9CC78510-1FD9-4B12-9A9E-D067B14ABEDE}.Release|Any CPU.Build.0 = Release|Any CPU
	EndGlobalSection
	GlobalSection(SolutionProperties) = preSolution
		HideSolutionNode = FALSE
	EndGlobalSection
	GlobalSection(ExtensibilityGlobals) = postSolution
		SolutionGuid = {3985B72D-4165-4A38-ABB8-E63AA5733E65}
	EndGlobalSection
EndGlobal
